
Microsoft Visual Studio Solution File, Format Version 12.00
# Visual Studio Version 17
VisualStudioVersion = 17.4.33110.190
MinimumVisualStudioVersion = 10.0.40219.1
Project("{FAE04EC0-301F-11D3-BF4B-00C04F79EFBC}") = "Collections", "Collections\Collections.csproj", "{53CC82F1-D255-4653-8571-0B9F9131ABF2}"
EndProject
Global
	GlobalSection(SolutionConfigurationPlatforms) = preSolution
		Debug|Any CPU = Debug|Any CPU
		Release|Any CPU = Release|Any CPU
	EndGlobalSection
	GlobalSection(ProjectConfigurationPlatforms) = postSolution
		{53CC82F1-D255-4653-8571-0B9F9131ABF2}.Debug|Any CPU.ActiveCfg = Debug|Any CPU
		{53CC82F1-D255-4653-8571-0B9F9131ABF2}.Debug|Any CPU.Build.0 = Debug|Any CPU
		{53CC82F1-D255-4653-8571-0B9F9131ABF2}.Release|Any CPU.ActiveCfg = Release|Any CPU
		{53CC82F1-D255-4653-8571-0B9F9131ABF2}.Release|Any CPU.Build.0 = Release|Any CPU
	EndGlobalSection
	GlobalSection(SolutionProperties) = preSolution
		HideSolutionNode = FALSE
	EndGlobalSection
	GlobalSection(ExtensibilityGlobals) = postSolution
		SolutionGuid = {778C5EFF-CCAF-4404-8A79-20CD8058DF02}
	EndGlobalSection
EndGlobal
