
Microsoft Visual Studio Solution File, Format Version 12.00
# Visual Studio Version 17
VisualStudioVersion = 17.4.33110.190
MinimumVisualStudioVersion = 10.0.40219.1
Project("{FAE04EC0-301F-11D3-BF4B-00C04F79EFBC}") = "Inheritance - Challenge", "Inheritance - Challenge\Inheritance - Challenge.csproj", "{6C34FCAC-510F-4DD5-BBDE-F7E69AA1515C}"
EndProject
Global
	GlobalSection(SolutionConfigurationPlatforms) = preSolution
		Debug|Any CPU = Debug|Any CPU
		Release|Any CPU = Release|Any CPU
	EndGlobalSection
	GlobalSection(ProjectConfigurationPlatforms) = postSolution
		{6C34FCAC-510F-4DD5-BBDE-F7E69AA1515C}.Debug|Any CPU.ActiveCfg = Debug|Any CPU
		{6C34FCAC-510F-4DD5-BBDE-F7E69AA1515C}.Debug|Any CPU.Build.0 = Debug|Any CPU
		{6C34FCAC-510F-4DD5-BBDE-F7E69AA1515C}.Release|Any CPU.ActiveCfg = Release|Any CPU
		{6C34FCAC-510F-4DD5-BBDE-F7E69AA1515C}.Release|Any CPU.Build.0 = Release|Any CPU
	EndGlobalSection
	GlobalSection(SolutionProperties) = preSolution
		HideSolutionNode = FALSE
	EndGlobalSection
	GlobalSection(ExtensibilityGlobals) = postSolution
		SolutionGuid = {81A310D6-CF37-4514-AB25-0E58C7CBB134}
	EndGlobalSection
EndGlobal
