
Microsoft Visual Studio Solution File, Format Version 12.00
# Visual Studio Version 17
VisualStudioVersion = 17.4.33213.308
MinimumVisualStudioVersion = 10.0.40219.1
Project("{FAE04EC0-301F-11D3-BF4B-00C04F79EFBC}") = "StackPanel", "StackPanel\StackPanel.csproj", "{4E2226BE-9A21-441A-A84B-F42959510776}"
EndProject
Global
	GlobalSection(SolutionConfigurationPlatforms) = preSolution
		Debug|Any CPU = Debug|Any CPU
		Release|Any CPU = Release|Any CPU
	EndGlobalSection
	GlobalSection(ProjectConfigurationPlatforms) = postSolution
		{4E2226BE-9A21-441A-A84B-F42959510776}.Debug|Any CPU.ActiveCfg = Debug|Any CPU
		{4E2226BE-9A21-441A-A84B-F42959510776}.Debug|Any CPU.Build.0 = Debug|Any CPU
		{4E2226BE-9A21-441A-A84B-F42959510776}.Release|Any CPU.ActiveCfg = Release|Any CPU
		{4E2226BE-9A21-441A-A84B-F42959510776}.Release|Any CPU.Build.0 = Release|Any CPU
	EndGlobalSection
	GlobalSection(SolutionProperties) = preSolution
		HideSolutionNode = FALSE
	EndGlobalSection
	GlobalSection(ExtensibilityGlobals) = postSolution
		SolutionGuid = {12EFB2B9-5875-427C-9B78-1429CA586E2A}
	EndGlobalSection
EndGlobal
