
Microsoft Visual Studio Solution File, Format Version 12.00
# Visual Studio Version 17
VisualStudioVersion = 17.4.33110.190
MinimumVisualStudioVersion = 10.0.40219.1
Project("{FAE04EC0-301F-11D3-BF4B-00C04F79EFBC}") = "Attributes", "Attributes\Attributes.csproj", "{26FF4C76-3E28-4ECF-A5ED-2368E1CC6C2D}"
EndProject
Global
	GlobalSection(SolutionConfigurationPlatforms) = preSolution
		Debug|Any CPU = Debug|Any CPU
		Release|Any CPU = Release|Any CPU
	EndGlobalSection
	GlobalSection(ProjectConfigurationPlatforms) = postSolution
		{26FF4C76-3E28-4ECF-A5ED-2368E1CC6C2D}.Debug|Any CPU.ActiveCfg = Debug|Any CPU
		{26FF4C76-3E28-4ECF-A5ED-2368E1CC6C2D}.Debug|Any CPU.Build.0 = Debug|Any CPU
		{26FF4C76-3E28-4ECF-A5ED-2368E1CC6C2D}.Release|Any CPU.ActiveCfg = Release|Any CPU
		{26FF4C76-3E28-4ECF-A5ED-2368E1CC6C2D}.Release|Any CPU.Build.0 = Release|Any CPU
	EndGlobalSection
	GlobalSection(SolutionProperties) = preSolution
		HideSolutionNode = FALSE
	EndGlobalSection
	GlobalSection(ExtensibilityGlobals) = postSolution
		SolutionGuid = {8B55A4BA-B461-4385-9836-0AD0B1537399}
	EndGlobalSection
EndGlobal
