
Microsoft Visual Studio Solution File, Format Version 12.00
# Visual Studio Version 17
VisualStudioVersion = 17.4.33110.190
MinimumVisualStudioVersion = 10.0.40219.1
Project("{FAE04EC0-301F-11D3-BF4B-00C04F79EFBC}") = "Events", "Events\Events.csproj", "{0E029228-5770-4FD2-A442-7D1C6B741277}"
EndProject
Global
	GlobalSection(SolutionConfigurationPlatforms) = preSolution
		Debug|Any CPU = Debug|Any CPU
		Release|Any CPU = Release|Any CPU
	EndGlobalSection
	GlobalSection(ProjectConfigurationPlatforms) = postSolution
		{0E029228-5770-4FD2-A442-7D1C6B741277}.Debug|Any CPU.ActiveCfg = Debug|Any CPU
		{0E029228-5770-4FD2-A442-7D1C6B741277}.Debug|Any CPU.Build.0 = Debug|Any CPU
		{0E029228-5770-4FD2-A442-7D1C6B741277}.Release|Any CPU.ActiveCfg = Release|Any CPU
		{0E029228-5770-4FD2-A442-7D1C6B741277}.Release|Any CPU.Build.0 = Release|Any CPU
	EndGlobalSection
	GlobalSection(SolutionProperties) = preSolution
		HideSolutionNode = FALSE
	EndGlobalSection
	GlobalSection(ExtensibilityGlobals) = postSolution
		SolutionGuid = {257DD5D8-3779-48D0-B129-755695F279AE}
	EndGlobalSection
EndGlobal
