
Microsoft Visual Studio Solution File, Format Version 12.00
# Visual Studio Version 17
VisualStudioVersion = 17.4.33110.190
MinimumVisualStudioVersion = 10.0.40219.1
Project("{FAE04EC0-301F-11D3-BF4B-00C04F79EFBC}") = "Tasks-WPF", "Tasks-WPF\Tasks-WPF.csproj", "{78E520C4-CB83-4177-B2FC-6045894A03CF}"
EndProject
Global
	GlobalSection(SolutionConfigurationPlatforms) = preSolution
		Debug|Any CPU = Debug|Any CPU
		Release|Any CPU = Release|Any CPU
	EndGlobalSection
	GlobalSection(ProjectConfigurationPlatforms) = postSolution
		{78E520C4-CB83-4177-B2FC-6045894A03CF}.Debug|Any CPU.ActiveCfg = Debug|Any CPU
		{78E520C4-CB83-4177-B2FC-6045894A03CF}.Debug|Any CPU.Build.0 = Debug|Any CPU
		{78E520C4-CB83-4177-B2FC-6045894A03CF}.Release|Any CPU.ActiveCfg = Release|Any CPU
		{78E520C4-CB83-4177-B2FC-6045894A03CF}.Release|Any CPU.Build.0 = Release|Any CPU
	EndGlobalSection
	GlobalSection(SolutionProperties) = preSolution
		HideSolutionNode = FALSE
	EndGlobalSection
	GlobalSection(ExtensibilityGlobals) = postSolution
		SolutionGuid = {AB8E4B0F-430A-43C7-8793-B8FD1F4DE0BF}
	EndGlobalSection
EndGlobal
